{
  "name": "@rayzerrek/dot-cli",
  "version": "1.0.25",
  "lockfileVersion": 3,
  "requires": true,
  "packages": {
    "": {
      "name": "@rayzerrek/dot-cli",
      "version": "1.0.25",
      "license": "MIT",
      "dependencies": {
        "jsonc-parser": "^3.3.1"
      },
      "bin": {
        "dot": "dist/index.js"
      },
      "devDependencies": {
        "@types/node": "^24.12.4",
        "@typescript/native-preview": "^7.0.0-dev.20260623.1"
      }
    },
    "node_modules/@types/node": {
      "version": "24.12.4",
      "resolved": "https://registry.npmjs.org/@types/node/-/node-24.12.4.tgz",
      "integrity": "sha512-GUUEShf+PBCGW2KaXwcIt3Yk+e3pkKwWKb9GSyM9WQVE+ep2jzmHdGsHzu4wgcZy5fN9FBdVzjpBQsYlpfpgLA==",
      "dev": true,
      "license": "MIT",
      "dependencies": {
        "undici-types": "~7.16.0"
      }
    },
    "node_modules/@typescript/native-preview": {
      "version": "7.0.0-dev.20260623.1",
      "resolved": "https://registry.npmjs.org/@typescript/native-preview/-/native-preview-7.0.0-dev.20260623.1.tgz",
      "integrity": "sha512-33AkAhmRu1/w4nRFLnJ9lic7FSzW4zWfU1u5DP7A2+j1445SSNvf3Q4WGtDzdAR5HSlk8vXEa0B4xUHR5vM1tg==",
      "dev": true,
      "license": "Apache-2.0",
      "bin": {
        "tsgo": "bin/tsgo.js"
      },
      "engines": {
        "node": ">=16.20.0"
      },
      "optionalDependencies": {
        "@typescript/native-preview-darwin-arm64": "7.0.0-dev.20260623.1",
        "@typescript/native-preview-darwin-x64": "7.0.0-dev.20260623.1",
        "@typescript/native-preview-linux-arm": "7.0.0-dev.20260623.1",
        "@typescript/native-preview-linux-arm64": "7.0.0-dev.20260623.1",
        "@typescript/native-preview-linux-x64": "7.0.0-dev.20260623.1",
        "@typescript/native-preview-win32-arm64": "7.0.0-dev.20260623.1",
        "@typescript/native-preview-win32-x64": "7.0.0-dev.20260623.1"
      }
    },
    "node_modules/@typescript/native-preview-darwin-arm64": {
      "version": "7.0.0-dev.20260623.1",
      "resolved": "https://registry.npmjs.org/@typescript/native-preview-darwin-arm64/-/native-preview-darwin-arm64-7.0.0-dev.20260623.1.tgz",
      "integrity": "sha512-8AX9NwC+G6Sbh5hNLnx8YgxoRV/8BH8FQRtZ86OTtUQfESMRvwszOGTtfcC32g86O5jsEQPDHXKVSnsIzWh6lg==",
      "cpu": [
        "arm64"
      ],
      "dev": true,
      "license": "Apache-2.0",
      "optional": true,
      "os": [
        "darwin"
      ],
      "engines": {
        "node": ">=16.20.0"
      }
    },
    "node_modules/@typescript/native-preview-darwin-x64": {
      "version": "7.0.0-dev.20260623.1",
      "resolved": "https://registry.npmjs.org/@typescript/native-preview-darwin-x64/-/native-preview-darwin-x64-7.0.0-dev.20260623.1.tgz",
      "integrity": "sha512-ef+JmOjtTu0BRdhAq69WbzCWjZsG6gqS8xDI4fKABdWXlrVojPkrD2OObog3PC7Qte8us6QspQvvnKTf7yKFSQ==",
      "cpu": [
        "x64"
      ],
      "dev": true,
      "license": "Apache-2.0",
      "optional": true,
      "os": [
        "darwin"
      ],
      "engines": {
        "node": ">=16.20.0"
      }
    },
    "node_modules/@typescript/native-preview-linux-arm": {
      "version": "7.0.0-dev.20260623.1",
      "resolved": "https://registry.npmjs.org/@typescript/native-preview-linux-arm/-/native-preview-linux-arm-7.0.0-dev.20260623.1.tgz",
      "integrity": "sha512-8f9dT1RaOK3Wy/puboAcCik4HBX6mfWt5hOMipWehDfInNFI6XP3ZYErShowBQ0Tkln5qdGqDIoq452PO/ZwCA==",
      "cpu": [
        "arm"
      ],
      "dev": true,
      "license": "Apache-2.0",
      "optional": true,
      "os": [
        "linux"
      ],
      "engines": {
        "node": ">=16.20.0"
      }
    },
    "node_modules/@typescript/native-preview-linux-arm64": {
      "version": "7.0.0-dev.20260623.1",
      "resolved": "https://registry.npmjs.org/@typescript/native-preview-linux-arm64/-/native-preview-linux-arm64-7.0.0-dev.20260623.1.tgz",
      "integrity": "sha512-xb9m0WXvIPHOogGTC02iBv3cwRJ7q+Ql2ABcsu4kHYc1p02JSbIBEfu3g58TpcFZyODsO+8WaDylx/hBiGzlVw==",
      "cpu": [
        "arm64"
      ],
      "dev": true,
      "license": "Apache-2.0",
      "optional": true,
      "os": [
        "linux"
      ],
      "engines": {
        "node": ">=16.20.0"
      }
    },
    "node_modules/@typescript/native-preview-linux-x64": {
      "version": "7.0.0-dev.20260623.1",
      "resolved": "https://registry.npmjs.org/@typescript/native-preview-linux-x64/-/native-preview-linux-x64-7.0.0-dev.20260623.1.tgz",
      "integrity": "sha512-AZRp6q0SyVw9xe9kpyfTmavqkQKizDhmOLglDHbxAu4Y3inL6r2GSE7q3w/eO4R259dIwl5TM52DZKK8onoT6Q==",
      "cpu": [
        "x64"
      ],
      "dev": true,
      "license": "Apache-2.0",
      "optional": true,
      "os": [
        "linux"
      ],
      "engines": {
        "node": ">=16.20.0"
      }
    },
    "node_modules/@typescript/native-preview-win32-arm64": {
      "version": "7.0.0-dev.20260623.1",
      "resolved": "https://registry.npmjs.org/@typescript/native-preview-win32-arm64/-/native-preview-win32-arm64-7.0.0-dev.20260623.1.tgz",
      "integrity": "sha512-DXRMXOe/JEmf2CULZZn1xvRuJrnZ9DxzDubxtW85pE0aSLgl+VuplWCsZrBxaCZDrWMRIfMDV8Y0y+Yftx/jeQ==",
      "cpu": [
        "arm64"
      ],
      "dev": true,
      "license": "Apache-2.0",
      "optional": true,
      "os": [
        "win32"
      ],
      "engines": {
        "node": ">=16.20.0"
      }
    },
    "node_modules/@typescript/native-preview-win32-x64": {
      "version": "7.0.0-dev.20260623.1",
      "resolved": "https://registry.npmjs.org/@typescript/native-preview-win32-x64/-/native-preview-win32-x64-7.0.0-dev.20260623.1.tgz",
      "integrity": "sha512-kYB1I6tdxWHjhSt8B2v9CHmpOJwJvD88LUCxiBS9C59pwrGe+LAwZvbTTJxvULNaUEjxdiMomYerWWhD/09Y3g==",
      "cpu": [
        "x64"
      ],
      "dev": true,
      "license": "Apache-2.0",
      "optional": true,
      "os": [
        "win32"
      ],
      "engines": {
        "node": ">=16.20.0"
      }
    },
    "node_modules/jsonc-parser": {
      "version": "3.3.1",
      "resolved": "https://registry.npmjs.org/jsonc-parser/-/jsonc-parser-3.3.1.tgz",
      "integrity": "sha512-HUgH65KyejrUFPvHFPbqOY0rsFip3Bo5wb4ngvdi1EpCYWUQDC5V+Y7mZws+DLkr4M//zQJoanu1SP+87Dv1oQ==",
      "license": "MIT"
    },
    "node_modules/undici-types": {
      "version": "7.16.0",
      "resolved": "https://registry.npmjs.org/undici-types/-/undici-types-7.16.0.tgz",
      "integrity": "sha512-Zz+aZWSj8LE6zoxD+xrjh4VfkIG8Ya6LvYkZqtUQGJPZjYl53ypCaUwWqo7eI0x66KBGeRo+mlBEkMSeSZ38Nw==",
      "dev": true,
      "license": "MIT"
    }
  }
}
